
Microsoft Visual Studio Solution File, Format Version 12.00
# Visual Studio Version 16
VisualStudioVersion = 16.0.32126.315
MinimumVisualStudioVersion = 10.0.40219.1
Project("{FAE04EC0-301F-11D3-BF4B-00C04F79EFBC}") = "RDSignatures", "RDSignatures.csproj", "{F6B2A20F-33AD-4B56-92C4-06391E03B3C6}"
EndProject
Global
	GlobalSection(SolutionConfigurationPlatforms) = preSolution
		Debug|Any CPU = Debug|Any CPU
		Release|Any CPU = Release|Any CPU
	EndGlobalSection
	GlobalSection(ProjectConfigurationPlatforms) = postSolution
		{F6B2A20F-33AD-4B56-92C4-06391E03B3C6}.Debug|Any CPU.ActiveCfg = Debug|Any CPU
		{F6B2A20F-33AD-4B56-92C4-06391E03B3C6}.Debug|Any CPU.Build.0 = Debug|Any CPU
		{F6B2A20F-33AD-4B56-92C4-06391E03B3C6}.Release|Any CPU.ActiveCfg = Release|Any CPU
		{F6B2A20F-33AD-4B56-92C4-06391E03B3C6}.Release|Any CPU.Build.0 = Release|Any CPU
	EndGlobalSection
	GlobalSection(SolutionProperties) = preSolution
		HideSolutionNode = FALSE
	EndGlobalSection
	GlobalSection(ExtensibilityGlobals) = postSolution
		SolutionGuid = {FDD6F815-CAA2-4B77-9C7B-0C0A10CA24CE}
	EndGlobalSection
EndGlobal
